
Microsoft Visual Studio Solution File, Format Version 12.00
# Visual Studio 2013
VisualStudioVersion = 12.0.31101.0
MinimumVisualStudioVersion = 10.0.40219.1
Project("{FAE04EC0-301F-11D3-BF4B-00C04F79EFBC}") = "FluentExtensions", "FluentExtensions\FluentExtensions.csproj", "{BFB30B7C-156A-4C4C-9346-0B5DD29AC0DB}"
EndProject
Project("{FAE04EC0-301F-11D3-BF4B-00C04F79EFBC}") = "FluentExtensions.Tests", "FluentExtensions.Tests\FluentExtensions.Tests.csproj", "{3B5C4C40-1037-4A55-A0D7-B936EFE9ADC5}"
EndProject
Project("{FAE04EC0-301F-11D3-BF4B-00C04F79EFBC}") = "FluentExtensions.Benchmarks", "FluentExtensions.Benchmarks\FluentExtensions.Benchmarks.csproj", "{F6F3881E-DB0E-4C5A-8B03-28D0AD178704}"
EndProject
Global
	GlobalSection(SolutionConfigurationPlatforms) = preSolution
		Debug|Any CPU = Debug|Any CPU
		Release|Any CPU = Release|Any CPU
	EndGlobalSection
	GlobalSection(ProjectConfigurationPlatforms) = postSolution
		{BFB30B7C-156A-4C4C-9346-0B5DD29AC0DB}.Debug|Any CPU.ActiveCfg = Debug|Any CPU
		{BFB30B7C-156A-4C4C-9346-0B5DD29AC0DB}.Debug|Any CPU.Build.0 = Debug|Any CPU
		{BFB30B7C-156A-4C4C-9346-0B5DD29AC0DB}.Release|Any CPU.ActiveCfg = Release|Any CPU
		{BFB30B7C-156A-4C4C-9346-0B5DD29AC0DB}.Release|Any CPU.Build.0 = Release|Any CPU
		{3B5C4C40-1037-4A55-A0D7-B936EFE9ADC5}.Debug|Any CPU.ActiveCfg = Debug|Any CPU
		{3B5C4C40-1037-4A55-A0D7-B936EFE9ADC5}.Debug|Any CPU.Build.0 = Debug|Any CPU
		{3B5C4C40-1037-4A55-A0D7-B936EFE9ADC5}.Release|Any CPU.ActiveCfg = Release|Any CPU
		{3B5C4C40-1037-4A55-A0D7-B936EFE9ADC5}.Release|Any CPU.Build.0 = Release|Any CPU
		{F6F3881E-DB0E-4C5A-8B03-28D0AD178704}.Debug|Any CPU.ActiveCfg = Debug|Any CPU
		{F6F3881E-DB0E-4C5A-8B03-28D0AD178704}.Debug|Any CPU.Build.0 = Debug|Any CPU
		{F6F3881E-DB0E-4C5A-8B03-28D0AD178704}.Release|Any CPU.ActiveCfg = Release|Any CPU
		{F6F3881E-DB0E-4C5A-8B03-28D0AD178704}.Release|Any CPU.Build.0 = Release|Any CPU
	EndGlobalSection
	GlobalSection(SolutionProperties) = preSolution
		HideSolutionNode = FALSE
	EndGlobalSection
EndGlobal
